
Microsoft Visual Studio Solution File, Format Version 12.00
# Visual Studio Version 17
VisualStudioVersion = 17.4.33213.308
MinimumVisualStudioVersion = 10.0.40219.1
Project("{FAE04EC0-301F-11D3-BF4B-00C04F79EFBC}") = "QLCHBanXeDien", "QLCHBanXeDien\QLCHBanXeDien.csproj", "{17E1BC4F-7855-44AF-809E-A42628C9548A}"
EndProject
Global
	GlobalSection(SolutionConfigurationPlatforms) = preSolution
		Debug|Any CPU = Debug|Any CPU
		Release|Any CPU = Release|Any CPU
	EndGlobalSection
	GlobalSection(ProjectConfigurationPlatforms) = postSolution
		{17E1BC4F-7855-44AF-809E-A42628C9548A}.Debug|Any CPU.ActiveCfg = Debug|Any CPU
		{17E1BC4F-7855-44AF-809E-A42628C9548A}.Debug|Any CPU.Build.0 = Debug|Any CPU
		{17E1BC4F-7855-44AF-809E-A42628C9548A}.Release|Any CPU.ActiveCfg = Release|Any CPU
		{17E1BC4F-7855-44AF-809E-A42628C9548A}.Release|Any CPU.Build.0 = Release|Any CPU
	EndGlobalSection
	GlobalSection(SolutionProperties) = preSolution
		HideSolutionNode = FALSE
	EndGlobalSection
	GlobalSection(ExtensibilityGlobals) = postSolution
		SolutionGuid = {0B25A5A8-A1B7-4317-B5E7-3B6E183EECDD}
	EndGlobalSection
EndGlobal
